
Microsoft Visual Studio Solution File, Format Version 12.00
# Visual Studio Version 16
VisualStudioVersion = 16.0.29306.81
MinimumVisualStudioVersion = 10.0.40219.1
Project("{151D2E53-A2C4-4D7D-83FE-D05416EBD58E}") = "DropboxMover", "DropboxMover\DropboxMover.deployproj", "{8E974BF4-CB79-44A0-8D28-447BA8D34DD0}"
EndProject
Global
	GlobalSection(SolutionConfigurationPlatforms) = preSolution
		Debug|Any CPU = Debug|Any CPU
		Release|Any CPU = Release|Any CPU
	EndGlobalSection
	GlobalSection(ProjectConfigurationPlatforms) = postSolution
		{8E974BF4-CB79-44A0-8D28-447BA8D34DD0}.Debug|Any CPU.ActiveCfg = Debug|Any CPU
		{8E974BF4-CB79-44A0-8D28-447BA8D34DD0}.Debug|Any CPU.Build.0 = Debug|Any CPU
		{8E974BF4-CB79-44A0-8D28-447BA8D34DD0}.Release|Any CPU.ActiveCfg = Release|Any CPU
		{8E974BF4-CB79-44A0-8D28-447BA8D34DD0}.Release|Any CPU.Build.0 = Release|Any CPU
	EndGlobalSection
	GlobalSection(SolutionProperties) = preSolution
		HideSolutionNode = FALSE
	EndGlobalSection
	GlobalSection(ExtensibilityGlobals) = postSolution
		SolutionGuid = {12FA17D8-0039-4364-AE64-8909248ED7CF}
	EndGlobalSection
EndGlobal
